
Microsoft Visual Studio Solution File, Format Version 10.00
# Visual Studio 2008
Project("{8BC9CEB8-8B4A-11D0-8D11-00A0C91BC942}") = "modera32", "mod32.vcproj", "{543E3FBE-2D2D-45D5-A16F-BD8009D5F91C}"
EndProject
Project("{8BC9CEB8-8B4A-11D0-8D11-00A0C91BC942}") = "wh32", "..\WinHorus\wh32.vcproj", "{93524B20-9A1D-472C-96F8-81CF53C4C6A4}"
EndProject
Global
	GlobalSection(SolutionConfigurationPlatforms) = preSolution
		Debug|Win32 = Debug|Win32
		Release|Win32 = Release|Win32
	EndGlobalSection
	GlobalSection(ProjectConfigurationPlatforms) = postSolution
		{543E3FBE-2D2D-45D5-A16F-BD8009D5F91C}.Debug|Win32.ActiveCfg = Debug|Win32
		{543E3FBE-2D2D-45D5-A16F-BD8009D5F91C}.Debug|Win32.Build.0 = Debug|Win32
		{543E3FBE-2D2D-45D5-A16F-BD8009D5F91C}.Release|Win32.ActiveCfg = Release|Win32
		{543E3FBE-2D2D-45D5-A16F-BD8009D5F91C}.Release|Win32.Build.0 = Release|Win32
		{93524B20-9A1D-472C-96F8-81CF53C4C6A4}.Debug|Win32.ActiveCfg = Debug|Win32
		{93524B20-9A1D-472C-96F8-81CF53C4C6A4}.Debug|Win32.Build.0 = Debug|Win32
		{93524B20-9A1D-472C-96F8-81CF53C4C6A4}.Release|Win32.ActiveCfg = Release|Win32
		{93524B20-9A1D-472C-96F8-81CF53C4C6A4}.Release|Win32.Build.0 = Release|Win32
	EndGlobalSection
	GlobalSection(SolutionProperties) = preSolution
		HideSolutionNode = FALSE
	EndGlobalSection
EndGlobal
